// !$*UTF8*$!
{
	archiveVersion = 1;
	classes = {
	};
	objectVersion = 56;
	objects = {

/* Begin PBXBuildFile section */
		BA3EF8572C29166E000F5B91 /* Speak2VietApp.swift in Sources */ = {isa = PBXBuildFile; fileRef = BA3EF8562C29166E000F5B91 /* Speak2VietApp.swift */; };
		BA3EF8592C29166E000F5B91 /* ContentView.swift in Sources */ = {isa = PBXBuildFile; fileRef = BA3EF8582C29166E000F5B91 /* ContentView.swift */; };
		BA3EF85B2C291671000F5B91 /* Assets.xcassets in Resources */ = {isa = PBXBuildFile; fileRef = BA3EF85A2C291671000F5B91 /* Assets.xcassets */; };
		BA3EF85E2C291671000F5B91 /* Preview Assets.xcassets in Resources */ = {isa = PBXBuildFile; fileRef = BA3EF85D2C291671000F5B91 /* Preview Assets.xcassets */; };
		BA3EF8642C291671000F5B91 /* Speak2Viet Watch App.app in Embed Watch Content */ = {isa = PBXBuildFile; fileRef = BA3EF8632C291671000F5B91 /* Speak2Viet Watch App.app */; settings = {ATTRIBUTES = (RemoveHeadersOnCopy, ); }; };
		BA3EF8692C291671000F5B91 /* Speak2VietApp.swift in Sources */ = {isa = PBXBuildFile; fileRef = BA3EF8682C291671000F5B91 /* Speak2VietApp.swift */; };
		BA3EF86B2C291671000F5B91 /* ContentView.swift in Sources */ = {isa = PBXBuildFile; fileRef = BA3EF86A2C291671000F5B91 /* ContentView.swift */; };
		BA3EF86D2C291673000F5B91 /* Assets.xcassets in Resources */ = {isa = PBXBuildFile; fileRef = BA3EF86C2C291673000F5B91 /* Assets.xcassets */; };
		BA3EF8702C291673000F5B91 /* Preview Assets.xcassets in Resources */ = {isa = PBXBuildFile; fileRef = BA3EF86F2C291673000F5B91 /* Preview Assets.xcassets */; };
/* End PBXBuildFile section */

/* Begin PBXContainerItemProxy section */
		BA3EF8652C291671000F5B91 /* PBXContainerItemProxy */ = {
			isa = PBXContainerItemProxy;
			containerPortal = BA3EF84B2C29166E000F5B91 /* Project object */;
			proxyType = 1;
			remoteGlobalIDString = BA3EF8622C291671000F5B91;
			remoteInfo = "Speak2Viet Watch App";
		};
/* End PBXContainerItemProxy section */

/* Begin PBXCopyFilesBuildPhase section */
		BA3EF8762C291673000F5B91 /* Embed Watch Content */ = {
			isa = PBXCopyFilesBuildPhase;
			buildActionMask = 2147483647;
			dstPath = "$(CONTENTS_FOLDER_PATH)/Watch";
			dstSubfolderSpec = 16;
			files = (
				BA3EF8642C291671000F5B91 /* Speak2Viet Watch App.app in Embed Watch Content */,
			);
			name = "Embed Watch Content";
			runOnlyForDeploymentPostprocessing = 0;
		};
/* End PBXCopyFilesBuildPhase section */

/* Begin PBXFileReference section */
		BA3EF8532C29166E000F5B91 /* Speak2Viet.app */ = {isa = PBXFileReference; explicitFileType = wrapper.application; includeInIndex = 0; path = Speak2Viet.app; sourceTree = BUILT_PRODUCTS_DIR; };
		BA3EF8562C29166E000F5B91 /* Speak2VietApp.swift */ = {isa = PBXFileReference; lastKnownFileType = sourcecode.swift; path = Speak2VietApp.swift; sourceTree = "<group>"; };
		BA3EF8582C29166E000F5B91 /* ContentView.swift */ = {isa = PBXFileReference; lastKnownFileType = sourcecode.swift; path = ContentView.swift; sourceTree = "<group>"; };
		BA3EF85A2C291671000F5B91 /* Assets.xcassets */ = {isa = PBXFileReference; lastKnownFileType = folder.assetcatalog; path = Assets.xcassets; sourceTree = "<group>"; };
		BA3EF85D2C291671000F5B91 /* Preview Assets.xcassets */ = {isa = PBXFileReference; lastKnownFileType = folder.assetcatalog; path = "Preview Assets.xcassets"; sourceTree = "<group>"; };
		BA3EF8632C291671000F5B91 /* Speak2Viet Watch App.app */ = {isa = PBXFileReference; explicitFileType = wrapper.application; includeInIndex = 0; path = "Speak2Viet Watch App.app"; sourceTree = BUILT_PRODUCTS_DIR; };
		BA3EF8682C291671000F5B91 /* Speak2VietApp.swift */ = {isa = PBXFileReference; lastKnownFileType = sourcecode.swift; path = Speak2VietApp.swift; sourceTree = "<group>"; };
		BA3EF86A2C291671000F5B91 /* ContentView.swift */ = {isa = PBXFileReference; lastKnownFileType = sourcecode.swift; path = ContentView.swift; sourceTree = "<group>"; };
		BA3EF86C2C291673000F5B91 /* Assets.xcassets */ = {isa = PBXFileReference; lastKnownFileType = folder.assetcatalog; path = Assets.xcassets; sourceTree = "<group>"; };
		BA3EF86F2C291673000F5B91 /* Preview Assets.xcassets */ = {isa = PBXFileReference; lastKnownFileType = folder.assetcatalog; path = "Preview Assets.xcassets"; sourceTree = "<group>"; };
/* End PBXFileReference section */

/* Begin PBXFrameworksBuildPhase section */
		BA3EF8502C29166E000F5B91 /* Frameworks */ = {
			isa = PBXFrameworksBuildPhase;
			buildActionMask = 2147483647;
			files = (
			);
			runOnlyForDeploymentPostprocessing = 0;
		};
		BA3EF8602C291671000F5B91 /* Frameworks */ = {
			isa = PBXFrameworksBuildPhase;
			buildActionMask = 2147483647;
			files = (
			);
			runOnlyForDeploymentPostprocessing = 0;
		};
/* End PBXFrameworksBuildPhase section */

/* Begin PBXGroup section */
		BA3EF84A2C29166E000F5B91 = {
			isa = PBXGroup;
			children = (
				BA3EF8552C29166E000F5B91 /* Speak2Viet */,
				BA3EF8672C291671000F5B91 /* Speak2Viet Watch App */,
				BA3EF8542C29166E000F5B91 /* Products */,
			);
			sourceTree = "<group>";
		};
		BA3EF8542C29166E000F5B91 /* Products */ = {
			isa = PBXGroup;
			children = (
				BA3EF8532C29166E000F5B91 /* Speak2Viet.app */,
				BA3EF8632C291671000F5B91 /* Speak2Viet Watch App.app */,
			);
			name = Products;
			sourceTree = "<group>";
		};
		BA3EF8552C29166E000F5B91 /* Speak2Viet */ = {
			isa = PBXGroup;
			children = (
				BA3EF8562C29166E000F5B91 /* Speak2VietApp.swift */,
				BA3EF8582C29166E000F5B91 /* ContentView.swift */,
				BA3EF85A2C291671000F5B91 /* Assets.xcassets */,
				BA3EF85C2C291671000F5B91 /* Preview Content */,
			);
			path = Speak2Viet;
			sourceTree = "<group>";
		};
		BA3EF85C2C291671000F5B91 /* Preview Content */ = {
			isa = PBXGroup;
			children = (
				BA3EF85D2C291671000F5B91 /* Preview Assets.xcassets */,
			);
			path = "Preview Content";
			sourceTree = "<group>";
		};
		BA3EF8672C291671000F5B91 /* Speak2Viet Watch App */ = {
			isa = PBXGroup;
			children = (
				BA3EF8682C291671000F5B91 /* Speak2VietApp.swift */,
				BA3EF86A2C291671000F5B91 /* ContentView.swift */,
				BA3EF86C2C291673000F5B91 /* Assets.xcassets */,
				BA3EF86E2C291673000F5B91 /* Preview Content */,
			);
			path = "Speak2Viet Watch App";
			sourceTree = "<group>";
		};
		BA3EF86E2C291673000F5B91 /* Preview Content */ = {
			isa = PBXGroup;
			children = (
				BA3EF86F2C291673000F5B91 /* Preview Assets.xcassets */,
			);
			path = "Preview Content";
			sourceTree = "<group>";
		};
/* End PBXGroup section */

/* Begin PBXNativeTarget section */
		BA3EF8522C29166E000F5B91 /* Speak2Viet */ = {
			isa = PBXNativeTarget;
			buildConfigurationList = BA3EF8772C291673000F5B91 /* Build configuration list for PBXNativeTarget "Speak2Viet" */;
			buildPhases = (
				BA3EF84F2C29166E000F5B91 /* Sources */,
				BA3EF8502C29166E000F5B91 /* Frameworks */,
				BA3EF8512C29166E000F5B91 /* Resources */,
				BA3EF8762C291673000F5B91 /* Embed Watch Content */,
			);
			buildRules = (
			);
			dependencies = (
				BA3EF8662C291671000F5B91 /* PBXTargetDependency */,
			);
			name = Speak2Viet;
			productName = Speak2Viet;
			productReference = BA3EF8532C29166E000F5B91 /* Speak2Viet.app */;
			productType = "com.apple.product-type.application";
		};
		BA3EF8622C291671000F5B91 /* Speak2Viet Watch App */ = {
			isa = PBXNativeTarget;
			buildConfigurationList = BA3EF8732C291673000F5B91 /* Build configuration list for PBXNativeTarget "Speak2Viet Watch App" */;
			buildPhases = (
				BA3EF85F2C291671000F5B91 /* Sources */,
				BA3EF8602C291671000F5B91 /* Frameworks */,
				BA3EF8612C291671000F5B91 /* Resources */,
			);
			buildRules = (
			);
			dependencies = (
			);
			name = "Speak2Viet Watch App";
			productName = "Speak2Viet Watch App";
			productReference = BA3EF8632C291671000F5B91 /* Speak2Viet Watch App.app */;
			productType = "com.apple.product-type.application";
		};
/* End PBXNativeTarget section */

/* Begin PBXProject section */
		BA3EF84B2C29166E000F5B91 /* Project object */ = {
			isa = PBXProject;
			attributes = {
				BuildIndependentTargetsInParallel = 1;
				LastSwiftUpdateCheck = 1540;
				LastUpgradeCheck = 1540;
				TargetAttributes = {
					BA3EF8522C29166E000F5B91 = {
						CreatedOnToolsVersion = 15.4;
					};
					BA3EF8622C291671000F5B91 = {
						CreatedOnToolsVersion = 15.4;
					};
				};
			};
			buildConfigurationList = BA3EF84E2C29166E000F5B91 /* Build configuration list for PBXProject "Speak2Viet" */;
			compatibilityVersion = "Xcode 14.0";
			developmentRegion = en;
			hasScannedForEncodings = 0;
			knownRegions = (
				en,
				Base,
			);
			mainGroup = BA3EF84A2C29166E000F5B91;
			productRefGroup = BA3EF8542C29166E000F5B91 /* Products */;
			projectDirPath = "";
			projectRoot = "";
			targets = (
				BA3EF8522C29166E000F5B91 /* Speak2Viet */,
				BA3EF8622C291671000F5B91 /* Speak2Viet Watch App */,
			);
		};
/* End PBXProject section */

/* Begin PBXResourcesBuildPhase section */
		BA3EF8512C29166E000F5B91 /* Resources */ = {
			isa = PBXResourcesBuildPhase;
			buildActionMask = 2147483647;
			files = (
				BA3EF85E2C291671000F5B91 /* Preview Assets.xcassets in Resources */,
				BA3EF85B2C291671000F5B91 /* Assets.xcassets in Resources */,
			);
			runOnlyForDeploymentPostprocessing = 0;
		};
		BA3EF8612C291671000F5B91 /* Resources */ = {
			isa = PBXResourcesBuildPhase;
			buildActionMask = 2147483647;
			files = (
				BA3EF8702C291673000F5B91 /* Preview Assets.xcassets in Resources */,
				BA3EF86D2C291673000F5B91 /* Assets.xcassets in Resources */,
			);
			runOnlyForDeploymentPostprocessing = 0;
		};
/* End PBXResourcesBuildPhase section */

/* Begin PBXSourcesBuildPhase section */
		BA3EF84F2C29166E000F5B91 /* Sources */ = {
			isa = PBXSourcesBuildPhase;
			buildActionMask = 2147483647;
			files = (
				BA3EF8592C29166E000F5B91 /* ContentView.swift in Sources */,
				BA3EF8572C29166E000F5B91 /* Speak2VietApp.swift in Sources */,
			);
			runOnlyForDeploymentPostprocessing = 0;
		};
		BA3EF85F2C291671000F5B91 /* Sources */ = {
			isa = PBXSourcesBuildPhase;
			buildActionMask = 2147483647;
			files = (
				BA3EF86B2C291671000F5B91 /* ContentView.swift in Sources */,
				BA3EF8692C291671000F5B91 /* Speak2VietApp.swift in Sources */,
			);
			runOnlyForDeploymentPostprocessing = 0;
		};
/* End PBXSourcesBuildPhase section */

/* Begin PBXTargetDependency section */
		BA3EF8662C291671000F5B91 /* PBXTargetDependency */ = {
			isa = PBXTargetDependency;
			target = BA3EF8622C291671000F5B91 /* Speak2Viet Watch App */;
			targetProxy = BA3EF8652C291671000F5B91 /* PBXContainerItemProxy */;
		};
/* End PBXTargetDependency section */

/* Begin XCBuildConfiguration section */
		BA3EF8712C291673000F5B91 /* Debug */ = {
			isa = XCBuildConfiguration;
			buildSettings = {
				ALWAYS_SEARCH_USER_PATHS = NO;
				ASSETCATALOG_COMPILER_GENERATE_SWIFT_ASSET_SYMBOL_EXTENSIONS = YES;
				CLANG_ANALYZER_NONNULL = YES;
				CLANG_ANALYZER_NUMBER_OBJECT_CONVERSION = YES_AGGRESSIVE;
				CLANG_CXX_LANGUAGE_STANDARD = "gnu++20";
				CLANG_ENABLE_MODULES = YES;
				CLANG_ENABLE_OBJC_ARC = YES;
				CLANG_ENABLE_OBJC_WEAK = YES;
				CLANG_WARN_BLOCK_CAPTURE_AUTORELEASING = YES;
				CLANG_WARN_BOOL_CONVERSION = YES;
				CLANG_WARN_COMMA = YES;
				CLANG_WARN_CONSTANT_CONVERSION = YES;
				CLANG_WARN_DEPRECATED_OBJC_IMPLEMENTATIONS = YES;
				CLANG_WARN_DIRECT_OBJC_ISA_USAGE = YES_ERROR;
				CLANG_WARN_DOCUMENTATION_COMMENTS = YES;
				CLANG_WARN_EMPTY_BODY = YES;
				CLANG_WARN_ENUM_CONVERSION = YES;
				CLANG_WARN_INFINITE_RECURSION = YES;
				CLANG_WARN_INT_CONVERSION = YES;
				CLANG_WARN_NON_LITERAL_NULL_CONVERSION = YES;
				CLANG_WARN_OBJC_IMPLICIT_RETAIN_SELF = YES;
				CLANG_WARN_OBJC_LITERAL_CONVERSION = YES;
				CLANG_WARN_OBJC_ROOT_CLASS = YES_ERROR;
				CLANG_WARN_QUOTED_INCLUDE_IN_FRAMEWORK_HEADER = YES;
				CLANG_WARN_RANGE_LOOP_ANALYSIS = YES;
				CLANG_WARN_STRICT_PROTOTYPES = YES;
				CLANG_WARN_SUSPICIOUS_MOVE = YES;
				CLANG_WARN_UNGUARDED_AVAILABILITY = YES_AGGRESSIVE;
				CLANG_WARN_UNREACHABLE_CODE = YES;
				CLANG_WARN__DUPLICATE_METHOD_MATCH = YES;
				COPY_PHASE_STRIP = NO;
				DEBUG_INFORMATION_FORMAT = dwarf;
				ENABLE_STRICT_OBJC_MSGSEND = YES;
				ENABLE_TESTABILITY = YES;
				ENABLE_USER_SCRIPT_SANDBOXING = YES;
				GCC_C_LANGUAGE_STANDARD = gnu17;
				GCC_DYNAMIC_NO_PIC = NO;
				GCC_NO_COMMON_BLOCKS = YES;
				GCC_OPTIMIZATION_LEVEL = 0;
				GCC_PREPROCESSOR_DEFINITIONS = (
					"DEBUG=1",
					"$(inherited)",
				);
				GCC_WARN_64_TO_32_BIT_CONVERSION = YES;
				GCC_WARN_ABOUT_RETURN_TYPE = YES_ERROR;
				GCC_WARN_UNDECLARED_SELECTOR = YES;
				GCC_WARN_UNINITIALIZED_AUTOS = YES_AGGRESSIVE;
				GCC_WARN_UNUSED_FUNCTION = YES;
				GCC_WARN_UNUSED_VARIABLE = YES;
				LOCALIZATION_PREFERS_STRING_CATALOGS = YES;
				MTL_ENABLE_DEBUG_INFO = INCLUDE_SOURCE;
				MTL_FAST_MATH = YES;
				ONLY_ACTIVE_ARCH = YES;
				SWIFT_ACTIVE_COMPILATION_CONDITIONS = "DEBUG $(inherited)";
				SWIFT_OPTIMIZATION_LEVEL = "-Onone";
			};
			name = Debug;
		};
		BA3EF8722C291673000F5B91 /* Release */ = {
			isa = XCBuildConfiguration;
			buildSettings = {
				ALWAYS_SEARCH_USER_PATHS = NO;
				ASSETCATALOG_COMPILER_GENERATE_SWIFT_ASSET_SYMBOL_EXTENSIONS = YES;
				CLANG_ANALYZER_NONNULL = YES;
				CLANG_ANALYZER_NUMBER_OBJECT_CONVERSION = YES_AGGRESSIVE;
				CLANG_CXX_LANGUAGE_STANDARD = "gnu++20";
				CLANG_ENABLE_MODULES = YES;
				CLANG_ENABLE_OBJC_ARC = YES;
				CLANG_ENABLE_OBJC_WEAK = YES;
				CLANG_WARN_BLOCK_CAPTURE_AUTORELEASING = YES;
				CLANG_WARN_BOOL_CONVERSION = YES;
				CLANG_WARN_COMMA = YES;
				CLANG_WARN_CONSTANT_CONVERSION = YES;
				CLANG_WARN_DEPRECATED_OBJC_IMPLEMENTATIONS = YES;
				CLANG_WARN_DIRECT_OBJC_ISA_USAGE = YES_ERROR;
				CLANG_WARN_DOCUMENTATION_COMMENTS = YES;
				CLANG_WARN_EMPTY_BODY = YES;
				CLANG_WARN_ENUM_CONVERSION = YES;
				CLANG_WARN_INFINITE_RECURSION = YES;
				CLANG_WARN_INT_CONVERSION = YES;
				CLANG_WARN_NON_LITERAL_NULL_CONVERSION = YES;
				CLANG_WARN_OBJC_IMPLICIT_RETAIN_SELF = YES;
				CLANG_WARN_OBJC_LITERAL_CONVERSION = YES;
				CLANG_WARN_OBJC_ROOT_CLASS = YES_ERROR;
				CLANG_WARN_QUOTED_INCLUDE_IN_FRAMEWORK_HEADER = YES;
				CLANG_WARN_RANGE_LOOP_ANALYSIS = YES;
				CLANG_WARN_STRICT_PROTOTYPES = YES;
				CLANG_WARN_SUSPICIOUS_MOVE = YES;
				CLANG_WARN_UNGUARDED_AVAILABILITY = YES_AGGRESSIVE;
				CLANG_WARN_UNREACHABLE_CODE = YES;
				CLANG_WARN__DUPLICATE_METHOD_MATCH = YES;
				COPY_PHASE_STRIP = NO;
				DEBUG_INFORMATION_FORMAT = "dwarf-with-dsym";
				ENABLE_NS_ASSERTIONS = NO;
				ENABLE_STRICT_OBJC_MSGSEND = YES;
				ENABLE_USER_SCRIPT_SANDBOXING = YES;
				GCC_C_LANGUAGE_STANDARD = gnu17;
				GCC_NO_COMMON_BLOCKS = YES;
				GCC_WARN_64_TO_32_BIT_CONVERSION = YES;
				GCC_WARN_ABOUT_RETURN_TYPE = YES_ERROR;
				GCC_WARN_UNDECLARED_SELECTOR = YES;
				GCC_WARN_UNINITIALIZED_AUTOS = YES_AGGRESSIVE;
				GCC_WARN_UNUSED_FUNCTION = YES;
				GCC_WARN_UNUSED_VARIABLE = YES;
				LOCALIZATION_PREFERS_STRING_CATALOGS = YES;
				MTL_ENABLE_DEBUG_INFO = NO;
				MTL_FAST_MATH = YES;
				SWIFT_COMPILATION_MODE = wholemodule;
			};
			name = Release;
		};
		BA3EF8742C291673000F5B91 /* Debug */ = {
			isa = XCBuildConfiguration;
			buildSettings = {
				ASSETCATALOG_COMPILER_APPICON_NAME = AppIcon;
				ASSETCATALOG_COMPILER_GLOBAL_ACCENT_COLOR_NAME = AccentColor;
				CODE_SIGN_STYLE = Automatic;
				CURRENT_PROJECT_VERSION = 1;
				DEVELOPMENT_ASSET_PATHS = "\"Speak2Viet Watch App/Preview Content\"";
				DEVELOPMENT_TEAM = 78ARJH6P24;
				ENABLE_PREVIEWS = YES;
				GENERATE_INFOPLIST_FILE = YES;
				INFOPLIST_KEY_CFBundleDisplayName = Speak2Viet;
				INFOPLIST_KEY_UISupportedInterfaceOrientations = "UIInterfaceOrientationPortrait UIInterfaceOrientationPortraitUpsideDown";
				INFOPLIST_KEY_WKCompanionAppBundleIdentifier = MinhNguyen.Speak2Viet;
				LD_RUNPATH_SEARCH_PATHS = (
					"$(inherited)",
					"@executable_path/Frameworks",
				);
				MARKETING_VERSION = 1.0;
				PRODUCT_BUNDLE_IDENTIFIER = MinhNguyen.Speak2Viet.watchkitapp;
				PRODUCT_NAME = "$(TARGET_NAME)";
				SDKROOT = watchos;
				SKIP_INSTALL = YES;
				SWIFT_EMIT_LOC_STRINGS = YES;
				SWIFT_VERSION = 5.0;
				TARGETED_DEVICE_FAMILY = 4;
				WATCHOS_DEPLOYMENT_TARGET = 10.5;
			};
			name = Debug;
		};
		BA3EF8752C291673000F5B91 /* Release */ = {
			isa = XCBuildConfiguration;
			buildSettings = {
				ASSETCATALOG_COMPILER_APPICON_NAME = AppIcon;
				ASSETCATALOG_COMPILER_GLOBAL_ACCENT_COLOR_NAME = AccentColor;
				CODE_SIGN_STYLE = Automatic;
				CURRENT_PROJECT_VERSION = 1;
				DEVELOPMENT_ASSET_PATHS = "\"Speak2Viet Watch App/Preview Content\"";
				DEVELOPMENT_TEAM = 78ARJH6P24;
				ENABLE_PREVIEWS = YES;
				GENERATE_INFOPLIST_FILE = YES;
				INFOPLIST_KEY_CFBundleDisplayName = Speak2Viet;
				INFOPLIST_KEY_UISupportedInterfaceOrientations = "UIInterfaceOrientationPortrait UIInterfaceOrientationPortraitUpsideDown";
				INFOPLIST_KEY_WKCompanionAppBundleIdentifier = MinhNguyen.Speak2Viet;
				LD_RUNPATH_SEARCH_PATHS = (
					"$(inherited)",
					"@executable_path/Frameworks",
				);
				MARKETING_VERSION = 1.0;
				PRODUCT_BUNDLE_IDENTIFIER = MinhNguyen.Speak2Viet.watchkitapp;
				PRODUCT_NAME = "$(TARGET_NAME)";
				SDKROOT = watchos;
				SKIP_INSTALL = YES;
				SWIFT_EMIT_LOC_STRINGS = YES;
				SWIFT_VERSION = 5.0;
				TARGETED_DEVICE_FAMILY = 4;
				VALIDATE_PRODUCT = YES;
				WATCHOS_DEPLOYMENT_TARGET = 10.5;
			};
			name = Release;
		};
		BA3EF8782C291673000F5B91 /* Debug */ = {
			isa = XCBuildConfiguration;
			buildSettings = {
				ALWAYS_EMBED_SWIFT_STANDARD_LIBRARIES = YES;
				ASSETCATALOG_COMPILER_APPICON_NAME = AppIcon;
				ASSETCATALOG_COMPILER_GLOBAL_ACCENT_COLOR_NAME = AccentColor;
				CODE_SIGN_STYLE = Automatic;
				CURRENT_PROJECT_VERSION = 1;
				DEVELOPMENT_ASSET_PATHS = "\"Speak2Viet/Preview Content\"";
				DEVELOPMENT_TEAM = 78ARJH6P24;
				ENABLE_PREVIEWS = YES;
				GENERATE_INFOPLIST_FILE = YES;
				INFOPLIST_KEY_CFBundleDisplayName = Speak2Viet;
				INFOPLIST_KEY_UIApplicationSceneManifest_Generation = YES;
				INFOPLIST_KEY_UIApplicationSupportsIndirectInputEvents = YES;
				INFOPLIST_KEY_UILaunchScreen_Generation = YES;
				INFOPLIST_KEY_UISupportedInterfaceOrientations_iPad = "UIInterfaceOrientationPortrait UIInterfaceOrientationPortraitUpsideDown UIInterfaceOrientationLandscapeLeft UIInterfaceOrientationLandscapeRight";
				INFOPLIST_KEY_UISupportedInterfaceOrientations_iPhone = "UIInterfaceOrientationPortrait UIInterfaceOrientationLandscapeLeft UIInterfaceOrientationLandscapeRight";
				IPHONEOS_DEPLOYMENT_TARGET = 17.5;
				LD_RUNPATH_SEARCH_PATHS = (
					"$(inherited)",
					"@executable_path/Frameworks",
				);
				MARKETING_VERSION = 1.0;
				PRODUCT_BUNDLE_IDENTIFIER = MinhNguyen.Speak2Viet;
				PRODUCT_NAME = "$(TARGET_NAME)";
				SDKROOT = iphoneos;
				SWIFT_EMIT_LOC_STRINGS = YES;
				SWIFT_VERSION = 5.0;
				TARGETED_DEVICE_FAMILY = "1,2";
			};
			name = Debug;
		};
		BA3EF8792C291673000F5B91 /* Release */ = {
			isa = XCBuildConfiguration;
			buildSettings = {
				ALWAYS_EMBED_SWIFT_STANDARD_LIBRARIES = YES;
				ASSETCATALOG_COMPILER_APPICON_NAME = AppIcon;
				ASSETCATALOG_COMPILER_GLOBAL_ACCENT_COLOR_NAME = AccentColor;
				CODE_SIGN_STYLE = Automatic;
				CURRENT_PROJECT_VERSION = 1;
				DEVELOPMENT_ASSET_PATHS = "\"Speak2Viet/Preview Content\"";
				DEVELOPMENT_TEAM = 78ARJH6P24;
				ENABLE_PREVIEWS = YES;
				GENERATE_INFOPLIST_FILE = YES;
				INFOPLIST_KEY_CFBundleDisplayName = Speak2Viet;
				INFOPLIST_KEY_UIApplicationSceneManifest_Generation = YES;
				INFOPLIST_KEY_UIApplicationSupportsIndirectInputEvents = YES;
				INFOPLIST_KEY_UILaunchScreen_Generation = YES;
				INFOPLIST_KEY_UISupportedInterfaceOrientations_iPad = "UIInterfaceOrientationPortrait UIInterfaceOrientationPortraitUpsideDown UIInterfaceOrientationLandscapeLeft UIInterfaceOrientationLandscapeRight";
				INFOPLIST_KEY_UISupportedInterfaceOrientations_iPhone = "UIInterfaceOrientationPortrait UIInterfaceOrientationLandscapeLeft UIInterfaceOrientationLandscapeRight";
				IPHONEOS_DEPLOYMENT_TARGET = 17.5;
				LD_RUNPATH_SEARCH_PATHS = (
					"$(inherited)",
					"@executable_path/Frameworks",
				);
				MARKETING_VERSION = 1.0;
				PRODUCT_BUNDLE_IDENTIFIER = MinhNguyen.Speak2Viet;
				PRODUCT_NAME = "$(TARGET_NAME)";
				SDKROOT = iphoneos;
				SWIFT_EMIT_LOC_STRINGS = YES;
				SWIFT_VERSION = 5.0;
				TARGETED_DEVICE_FAMILY = "1,2";
				VALIDATE_PRODUCT = YES;
			};
			name = Release;
		};
/* End XCBuildConfiguration section */

/* Begin XCConfigurationList section */
		BA3EF84E2C29166E000F5B91 /* Build configuration list for PBXProject "Speak2Viet" */ = {
			isa = XCConfigurationList;
			buildConfigurations = (
				BA3EF8712C291673000F5B91 /* Debug */,
				BA3EF8722C291673000F5B91 /* Release */,
			);
			defaultConfigurationIsVisible = 0;
			defaultConfigurationName = Release;
		};
		BA3EF8732C291673000F5B91 /* Build configuration list for PBXNativeTarget "Speak2Viet Watch App" */ = {
			isa = XCConfigurationList;
			buildConfigurations = (
				BA3EF8742C291673000F5B91 /* Debug */,
				BA3EF8752C291673000F5B91 /* Release */,
			);
			defaultConfigurationIsVisible = 0;
			defaultConfigurationName = Release;
		};
		BA3EF8772C291673000F5B91 /* Build configuration list for PBXNativeTarget "Speak2Viet" */ = {
			isa = XCConfigurationList;
			buildConfigurations = (
				BA3EF8782C291673000F5B91 /* Debug */,
				BA3EF8792C291673000F5B91 /* Release */,
			);
			defaultConfigurationIsVisible = 0;
			defaultConfigurationName = Release;
		};
/* End XCConfigurationList section */
	};
	rootObject = BA3EF84B2C29166E000F5B91 /* Project object */;
}
